
Microsoft Visual Studio Solution File, Format Version 12.00
# Visual Studio 15
Project("{FAE04EC0-301F-11D3-BF4B-00C04F79EFBC}") = "Assembly-CSharp", "Assembly-CSharp.csproj", "{98599612-7B08-8052-8B14-3FAA07C1B28A}"
EndProject
Global
	GlobalSection(SolutionConfigurationPlatforms) = preSolution
		Debug|Any CPU = Debug|Any CPU
		Release|Any CPU = Release|Any CPU
	EndGlobalSection
	GlobalSection(ProjectConfigurationPlatforms) = postSolution
		{98599612-7B08-8052-8B14-3FAA07C1B28A}.Debug|Any CPU.ActiveCfg = Debug|Any CPU
		{98599612-7B08-8052-8B14-3FAA07C1B28A}.Debug|Any CPU.Build.0 = Debug|Any CPU
		{98599612-7B08-8052-8B14-3FAA07C1B28A}.Release|Any CPU.ActiveCfg = Release|Any CPU
		{98599612-7B08-8052-8B14-3FAA07C1B28A}.Release|Any CPU.Build.0 = Release|Any CPU
	EndGlobalSection
	GlobalSection(SolutionProperties) = preSolution
		HideSolutionNode = FALSE
	EndGlobalSection
EndGlobal
